// !$*UTF8*$!
{
	archiveVersion = 1;
	classes = {
	};
	objectVersion = 46;
	objects = {

/* Begin PBXBuildFile section */
		490310571A4DCB7E00A47BBA /* JCBinaryHeap.podspec in Resources */ = {isa = PBXBuildFile; fileRef = 490310551A4DCB7E00A47BBA /* JCBinaryHeap.podspec */; };
		490310581A4DCB7E00A47BBA /* LICENSE in Resources */ = {isa = PBXBuildFile; fileRef = 490310561A4DCB7E00A47BBA /* LICENSE */; };
		49D2D9631A4DC58600F4608C /* Specs.m in Sources */ = {isa = PBXBuildFile; fileRef = 49D2D9621A4DC58600F4608C /* Specs.m */; };
		49E57FB61A4D8CAE0028EE7E /* JCBinaryHeap.h in Headers */ = {isa = PBXBuildFile; fileRef = 49E57FB51A4D8CAE0028EE7E /* JCBinaryHeap.h */; };
		49E57FB81A4D8CAE0028EE7E /* JCBinaryHeap.m in Sources */ = {isa = PBXBuildFile; fileRef = 49E57FB71A4D8CAE0028EE7E /* JCBinaryHeap.m */; };
		49E57FBE1A4D8CAE0028EE7E /* libJCBinaryHeap.a in Frameworks */ = {isa = PBXBuildFile; fileRef = 49E57FB21A4D8CAE0028EE7E /* libJCBinaryHeap.a */; };
		7817541A8FE3777A88E82F32 /* libPods-Specs.a in Frameworks */ = {isa = PBXBuildFile; fileRef = 2FAE20EF1ED535A9F411DCF5 /* libPods-Specs.a */; };
/* End PBXBuildFile section */

/* Begin PBXContainerItemProxy section */
		49E57FBF1A4D8CAE0028EE7E /* PBXContainerItemProxy */ = {
			isa = PBXContainerItemProxy;
			containerPortal = 49E57FAA1A4D8CAE0028EE7E /* Project object */;
			proxyType = 1;
			remoteGlobalIDString = 49E57FB11A4D8CAE0028EE7E;
			remoteInfo = JCHeap;
		};
/* End PBXContainerItemProxy section */

/* Begin PBXFileReference section */
		0EBCE85E3FDE69D280525203 /* Pods-Specs.release.xcconfig */ = {isa = PBXFileReference; includeInIndex = 1; lastKnownFileType = text.xcconfig; name = "Pods-Specs.release.xcconfig"; path = "Pods/Target Support Files/Pods-Specs/Pods-Specs.release.xcconfig"; sourceTree = "<group>"; };
		2FAE20EF1ED535A9F411DCF5 /* libPods-Specs.a */ = {isa = PBXFileReference; explicitFileType = archive.ar; includeInIndex = 0; path = "libPods-Specs.a"; sourceTree = BUILT_PRODUCTS_DIR; };
		4323B15BDC91B601199FE981 /* Pods-Specs.debug.xcconfig */ = {isa = PBXFileReference; includeInIndex = 1; lastKnownFileType = text.xcconfig; name = "Pods-Specs.debug.xcconfig"; path = "Pods/Target Support Files/Pods-Specs/Pods-Specs.debug.xcconfig"; sourceTree = "<group>"; };
		490310551A4DCB7E00A47BBA /* JCBinaryHeap.podspec */ = {isa = PBXFileReference; fileEncoding = 4; lastKnownFileType = text; path = JCBinaryHeap.podspec; sourceTree = "<group>"; };
		490310561A4DCB7E00A47BBA /* LICENSE */ = {isa = PBXFileReference; fileEncoding = 4; lastKnownFileType = text; path = LICENSE; sourceTree = "<group>"; };
		49154D7C1A4D8D6A00257D20 /* Podfile */ = {isa = PBXFileReference; lastKnownFileType = text; path = Podfile; sourceTree = "<group>"; };
		498F90531A4DE4D800B1DB3F /* README.md */ = {isa = PBXFileReference; lastKnownFileType = net.daringfireball.markdown; path = README.md; sourceTree = "<group>"; };
		49D2D9621A4DC58600F4608C /* Specs.m */ = {isa = PBXFileReference; fileEncoding = 4; lastKnownFileType = sourcecode.c.objc; path = Specs.m; sourceTree = "<group>"; };
		49E57FB21A4D8CAE0028EE7E /* libJCBinaryHeap.a */ = {isa = PBXFileReference; explicitFileType = archive.ar; includeInIndex = 0; path = libJCBinaryHeap.a; sourceTree = BUILT_PRODUCTS_DIR; };
		49E57FB51A4D8CAE0028EE7E /* JCBinaryHeap.h */ = {isa = PBXFileReference; lastKnownFileType = sourcecode.c.h; path = JCBinaryHeap.h; sourceTree = "<group>"; };
		49E57FB71A4D8CAE0028EE7E /* JCBinaryHeap.m */ = {isa = PBXFileReference; lastKnownFileType = sourcecode.c.objc; path = JCBinaryHeap.m; sourceTree = "<group>"; };
		49E57FBD1A4D8CAE0028EE7E /* JCBinaryHeapTests.xctest */ = {isa = PBXFileReference; explicitFileType = wrapper.cfbundle; includeInIndex = 0; path = JCBinaryHeapTests.xctest; sourceTree = BUILT_PRODUCTS_DIR; };
		49E57FC31A4D8CAE0028EE7E /* Info.plist */ = {isa = PBXFileReference; lastKnownFileType = text.plist.xml; path = Info.plist; sourceTree = "<group>"; };
		8C2E9F867FA76DF66A08207C /* libPods-JCHeapTests.a */ = {isa = PBXFileReference; explicitFileType = archive.ar; includeInIndex = 0; path = "libPods-JCHeapTests.a"; sourceTree = BUILT_PRODUCTS_DIR; };
/* End PBXFileReference section */

/* Begin PBXFrameworksBuildPhase section */
		49E57FAF1A4D8CAE0028EE7E /* Frameworks */ = {
			isa = PBXFrameworksBuildPhase;
			buildActionMask = 2147483647;
			files = (
			);
			runOnlyForDeploymentPostprocessing = 0;
		};
		49E57FBA1A4D8CAE0028EE7E /* Frameworks */ = {
			isa = PBXFrameworksBuildPhase;
			buildActionMask = 2147483647;
			files = (
				49E57FBE1A4D8CAE0028EE7E /* libJCBinaryHeap.a in Frameworks */,
				7817541A8FE3777A88E82F32 /* libPods-Specs.a in Frameworks */,
			);
			runOnlyForDeploymentPostprocessing = 0;
		};
/* End PBXFrameworksBuildPhase section */

/* Begin PBXGroup section */
		255F2490144B47A5F45A8039 /* Pods */ = {
			isa = PBXGroup;
			children = (
				49154D7C1A4D8D6A00257D20 /* Podfile */,
				490310551A4DCB7E00A47BBA /* JCBinaryHeap.podspec */,
				4323B15BDC91B601199FE981 /* Pods-Specs.debug.xcconfig */,
				0EBCE85E3FDE69D280525203 /* Pods-Specs.release.xcconfig */,
			);
			name = Pods;
			sourceTree = "<group>";
		};
		2B3C3B030EC781C287DD31C1 /* Frameworks */ = {
			isa = PBXGroup;
			children = (
				8C2E9F867FA76DF66A08207C /* libPods-JCHeapTests.a */,
				2FAE20EF1ED535A9F411DCF5 /* libPods-Specs.a */,
			);
			name = Frameworks;
			sourceTree = "<group>";
		};
		49E57FA91A4D8CAE0028EE7E = {
			isa = PBXGroup;
			children = (
				49E57FB41A4D8CAE0028EE7E /* JCBinaryHeap */,
				49E57FC11A4D8CAE0028EE7E /* Specs */,
				49E57FB31A4D8CAE0028EE7E /* Products */,
				255F2490144B47A5F45A8039 /* Pods */,
				2B3C3B030EC781C287DD31C1 /* Frameworks */,
				490310561A4DCB7E00A47BBA /* LICENSE */,
				498F90531A4DE4D800B1DB3F /* README.md */,
			);
			sourceTree = "<group>";
		};
		49E57FB31A4D8CAE0028EE7E /* Products */ = {
			isa = PBXGroup;
			children = (
				49E57FB21A4D8CAE0028EE7E /* libJCBinaryHeap.a */,
				49E57FBD1A4D8CAE0028EE7E /* JCBinaryHeapTests.xctest */,
			);
			name = Products;
			sourceTree = "<group>";
		};
		49E57FB41A4D8CAE0028EE7E /* JCBinaryHeap */ = {
			isa = PBXGroup;
			children = (
				49E57FB51A4D8CAE0028EE7E /* JCBinaryHeap.h */,
				49E57FB71A4D8CAE0028EE7E /* JCBinaryHeap.m */,
			);
			path = JCBinaryHeap;
			sourceTree = "<group>";
		};
		49E57FC11A4D8CAE0028EE7E /* Specs */ = {
			isa = PBXGroup;
			children = (
				49D2D9621A4DC58600F4608C /* Specs.m */,
				49E57FC21A4D8CAE0028EE7E /* Supporting Files */,
			);
			path = Specs;
			sourceTree = "<group>";
		};
		49E57FC21A4D8CAE0028EE7E /* Supporting Files */ = {
			isa = PBXGroup;
			children = (
				49E57FC31A4D8CAE0028EE7E /* Info.plist */,
			);
			name = "Supporting Files";
			sourceTree = "<group>";
		};
/* End PBXGroup section */

/* Begin PBXHeadersBuildPhase section */
		49E57FB01A4D8CAE0028EE7E /* Headers */ = {
			isa = PBXHeadersBuildPhase;
			buildActionMask = 2147483647;
			files = (
				49E57FB61A4D8CAE0028EE7E /* JCBinaryHeap.h in Headers */,
			);
			runOnlyForDeploymentPostprocessing = 0;
		};
/* End PBXHeadersBuildPhase section */

/* Begin PBXNativeTarget section */
		49E57FB11A4D8CAE0028EE7E /* Library */ = {
			isa = PBXNativeTarget;
			buildConfigurationList = 49E57FC61A4D8CAE0028EE7E /* Build configuration list for PBXNativeTarget "Library" */;
			buildPhases = (
				49E57FAE1A4D8CAE0028EE7E /* Sources */,
				49E57FAF1A4D8CAE0028EE7E /* Frameworks */,
				49E57FB01A4D8CAE0028EE7E /* Headers */,
			);
			buildRules = (
			);
			dependencies = (
			);
			name = Library;
			productName = JCHeap;
			productReference = 49E57FB21A4D8CAE0028EE7E /* libJCBinaryHeap.a */;
			productType = "com.apple.product-type.library.static";
		};
		49E57FBC1A4D8CAE0028EE7E /* Specs */ = {
			isa = PBXNativeTarget;
			buildConfigurationList = 49E57FC91A4D8CAE0028EE7E /* Build configuration list for PBXNativeTarget "Specs" */;
			buildPhases = (
				31B3E4E0ACE78EBECF37718A /* Check Pods Manifest.lock */,
				49E57FB91A4D8CAE0028EE7E /* Sources */,
				49E57FBA1A4D8CAE0028EE7E /* Frameworks */,
				49E57FBB1A4D8CAE0028EE7E /* Resources */,
				E204265401046DC385FBD7ED /* Copy Pods Resources */,
			);
			buildRules = (
			);
			dependencies = (
				49E57FC01A4D8CAE0028EE7E /* PBXTargetDependency */,
			);
			name = Specs;
			productName = JCHeapTests;
			productReference = 49E57FBD1A4D8CAE0028EE7E /* JCBinaryHeapTests.xctest */;
			productType = "com.apple.product-type.bundle.unit-test";
		};
/* End PBXNativeTarget section */

/* Begin PBXProject section */
		49E57FAA1A4D8CAE0028EE7E /* Project object */ = {
			isa = PBXProject;
			attributes = {
				LastUpgradeCheck = 0610;
				ORGANIZATIONNAME = "Jonathan Crooke";
				TargetAttributes = {
					49E57FB11A4D8CAE0028EE7E = {
						CreatedOnToolsVersion = 6.1.1;
					};
					49E57FBC1A4D8CAE0028EE7E = {
						CreatedOnToolsVersion = 6.1.1;
					};
				};
			};
			buildConfigurationList = 49E57FAD1A4D8CAE0028EE7E /* Build configuration list for PBXProject "JCBinaryHeap" */;
			compatibilityVersion = "Xcode 3.2";
			developmentRegion = English;
			hasScannedForEncodings = 0;
			knownRegions = (
				en,
			);
			mainGroup = 49E57FA91A4D8CAE0028EE7E;
			productRefGroup = 49E57FB31A4D8CAE0028EE7E /* Products */;
			projectDirPath = "";
			projectRoot = "";
			targets = (
				49E57FB11A4D8CAE0028EE7E /* Library */,
				49E57FBC1A4D8CAE0028EE7E /* Specs */,
			);
		};
/* End PBXProject section */

/* Begin PBXResourcesBuildPhase section */
		49E57FBB1A4D8CAE0028EE7E /* Resources */ = {
			isa = PBXResourcesBuildPhase;
			buildActionMask = 2147483647;
			files = (
				490310581A4DCB7E00A47BBA /* LICENSE in Resources */,
				490310571A4DCB7E00A47BBA /* JCBinaryHeap.podspec in Resources */,
			);
			runOnlyForDeploymentPostprocessing = 0;
		};
/* End PBXResourcesBuildPhase section */

/* Begin PBXShellScriptBuildPhase section */
		31B3E4E0ACE78EBECF37718A /* Check Pods Manifest.lock */ = {
			isa = PBXShellScriptBuildPhase;
			buildActionMask = 2147483647;
			files = (
			);
			inputPaths = (
			);
			name = "Check Pods Manifest.lock";
			outputPaths = (
			);
			runOnlyForDeploymentPostprocessing = 0;
			shellPath = /bin/sh;
			shellScript = "diff \"${PODS_ROOT}/../Podfile.lock\" \"${PODS_ROOT}/Manifest.lock\" > /dev/null\nif [[ $? != 0 ]] ; then\n    cat << EOM\nerror: The sandbox is not in sync with the Podfile.lock. Run 'pod install' or update your CocoaPods installation.\nEOM\n    exit 1\nfi\n";
			showEnvVarsInLog = 0;
		};
		E204265401046DC385FBD7ED /* Copy Pods Resources */ = {
			isa = PBXShellScriptBuildPhase;
			buildActionMask = 2147483647;
			files = (
			);
			inputPaths = (
			);
			name = "Copy Pods Resources";
			outputPaths = (
			);
			runOnlyForDeploymentPostprocessing = 0;
			shellPath = /bin/sh;
			shellScript = "\"${SRCROOT}/Pods/Target Support Files/Pods-Specs/Pods-Specs-resources.sh\"\n";
			showEnvVarsInLog = 0;
		};
/* End PBXShellScriptBuildPhase section */

/* Begin PBXSourcesBuildPhase section */
		49E57FAE1A4D8CAE0028EE7E /* Sources */ = {
			isa = PBXSourcesBuildPhase;
			buildActionMask = 2147483647;
			files = (
				49E57FB81A4D8CAE0028EE7E /* JCBinaryHeap.m in Sources */,
			);
			runOnlyForDeploymentPostprocessing = 0;
		};
		49E57FB91A4D8CAE0028EE7E /* Sources */ = {
			isa = PBXSourcesBuildPhase;
			buildActionMask = 2147483647;
			files = (
				49D2D9631A4DC58600F4608C /* Specs.m in Sources */,
			);
			runOnlyForDeploymentPostprocessing = 0;
		};
/* End PBXSourcesBuildPhase section */

/* Begin PBXTargetDependency section */
		49E57FC01A4D8CAE0028EE7E /* PBXTargetDependency */ = {
			isa = PBXTargetDependency;
			target = 49E57FB11A4D8CAE0028EE7E /* Library */;
			targetProxy = 49E57FBF1A4D8CAE0028EE7E /* PBXContainerItemProxy */;
		};
/* End PBXTargetDependency section */

/* Begin XCBuildConfiguration section */
		49E57FC41A4D8CAE0028EE7E /* Debug */ = {
			isa = XCBuildConfiguration;
			buildSettings = {
				ALWAYS_SEARCH_USER_PATHS = NO;
				CLANG_CXX_LANGUAGE_STANDARD = "gnu++0x";
				CLANG_CXX_LIBRARY = "libc++";
				CLANG_ENABLE_MODULES = YES;
				CLANG_ENABLE_OBJC_ARC = YES;
				CLANG_WARN_BOOL_CONVERSION = YES;
				CLANG_WARN_CONSTANT_CONVERSION = YES;
				CLANG_WARN_DIRECT_OBJC_ISA_USAGE = YES_ERROR;
				CLANG_WARN_EMPTY_BODY = YES;
				CLANG_WARN_ENUM_CONVERSION = YES;
				CLANG_WARN_INT_CONVERSION = YES;
				CLANG_WARN_OBJC_ROOT_CLASS = YES_ERROR;
				CLANG_WARN_UNREACHABLE_CODE = YES;
				CLANG_WARN__DUPLICATE_METHOD_MATCH = YES;
				COPY_PHASE_STRIP = NO;
				ENABLE_STRICT_OBJC_MSGSEND = YES;
				GCC_C_LANGUAGE_STANDARD = gnu99;
				GCC_DYNAMIC_NO_PIC = NO;
				GCC_OPTIMIZATION_LEVEL = 0;
				GCC_PREPROCESSOR_DEFINITIONS = (
					"DEBUG=1",
					"$(inherited)",
				);
				GCC_SYMBOLS_PRIVATE_EXTERN = NO;
				GCC_WARN_64_TO_32_BIT_CONVERSION = YES;
				GCC_WARN_ABOUT_RETURN_TYPE = YES_ERROR;
				GCC_WARN_UNDECLARED_SELECTOR = YES;
				GCC_WARN_UNINITIALIZED_AUTOS = YES_AGGRESSIVE;
				GCC_WARN_UNUSED_FUNCTION = YES;
				GCC_WARN_UNUSED_VARIABLE = YES;
				MACOSX_DEPLOYMENT_TARGET = 10.10;
				MTL_ENABLE_DEBUG_INFO = YES;
				ONLY_ACTIVE_ARCH = YES;
				SDKROOT = macosx;
			};
			name = Debug;
		};
		49E57FC51A4D8CAE0028EE7E /* Release */ = {
			isa = XCBuildConfiguration;
			buildSettings = {
				ALWAYS_SEARCH_USER_PATHS = NO;
				CLANG_CXX_LANGUAGE_STANDARD = "gnu++0x";
				CLANG_CXX_LIBRARY = "libc++";
				CLANG_ENABLE_MODULES = YES;
				CLANG_ENABLE_OBJC_ARC = YES;
				CLANG_WARN_BOOL_CONVERSION = YES;
				CLANG_WARN_CONSTANT_CONVERSION = YES;
				CLANG_WARN_DIRECT_OBJC_ISA_USAGE = YES_ERROR;
				CLANG_WARN_EMPTY_BODY = YES;
				CLANG_WARN_ENUM_CONVERSION = YES;
				CLANG_WARN_INT_CONVERSION = YES;
				CLANG_WARN_OBJC_ROOT_CLASS = YES_ERROR;
				CLANG_WARN_UNREACHABLE_CODE = YES;
				CLANG_WARN__DUPLICATE_METHOD_MATCH = YES;
				COPY_PHASE_STRIP = YES;
				DEBUG_INFORMATION_FORMAT = "dwarf-with-dsym";
				ENABLE_NS_ASSERTIONS = NO;
				ENABLE_STRICT_OBJC_MSGSEND = YES;
				GCC_C_LANGUAGE_STANDARD = gnu99;
				GCC_WARN_64_TO_32_BIT_CONVERSION = YES;
				GCC_WARN_ABOUT_RETURN_TYPE = YES_ERROR;
				GCC_WARN_UNDECLARED_SELECTOR = YES;
				GCC_WARN_UNINITIALIZED_AUTOS = YES_AGGRESSIVE;
				GCC_WARN_UNUSED_FUNCTION = YES;
				GCC_WARN_UNUSED_VARIABLE = YES;
				MACOSX_DEPLOYMENT_TARGET = 10.10;
				MTL_ENABLE_DEBUG_INFO = NO;
				SDKROOT = macosx;
			};
			name = Release;
		};
		49E57FC71A4D8CAE0028EE7E /* Debug */ = {
			isa = XCBuildConfiguration;
			buildSettings = {
				EXECUTABLE_PREFIX = lib;
				PRODUCT_NAME = JCBinaryHeap;
			};
			name = Debug;
		};
		49E57FC81A4D8CAE0028EE7E /* Release */ = {
			isa = XCBuildConfiguration;
			buildSettings = {
				EXECUTABLE_PREFIX = lib;
				PRODUCT_NAME = JCBinaryHeap;
			};
			name = Release;
		};
		49E57FCA1A4D8CAE0028EE7E /* Debug */ = {
			isa = XCBuildConfiguration;
			baseConfigurationReference = 4323B15BDC91B601199FE981 /* Pods-Specs.debug.xcconfig */;
			buildSettings = {
				COMBINE_HIDPI_IMAGES = YES;
				FRAMEWORK_SEARCH_PATHS = (
					"$(DEVELOPER_FRAMEWORKS_DIR)",
					"$(inherited)",
				);
				GCC_PREPROCESSOR_DEFINITIONS = (
					"DEBUG=1",
					"$(inherited)",
				);
				LD_RUNPATH_SEARCH_PATHS = "$(inherited) @executable_path/../Frameworks @loader_path/../Frameworks";
				PRODUCT_NAME = JCBinaryHeapTests;
			};
			name = Debug;
		};
		49E57FCB1A4D8CAE0028EE7E /* Release */ = {
			isa = XCBuildConfiguration;
			baseConfigurationReference = 0EBCE85E3FDE69D280525203 /* Pods-Specs.release.xcconfig */;
			buildSettings = {
				COMBINE_HIDPI_IMAGES = YES;
				FRAMEWORK_SEARCH_PATHS = (
					"$(DEVELOPER_FRAMEWORKS_DIR)",
					"$(inherited)",
				);
				LD_RUNPATH_SEARCH_PATHS = "$(inherited) @executable_path/../Frameworks @loader_path/../Frameworks";
				PRODUCT_NAME = JCBinaryHeapTests;
			};
			name = Release;
		};
/* End XCBuildConfiguration section */

/* Begin XCConfigurationList section */
		49E57FAD1A4D8CAE0028EE7E /* Build configuration list for PBXProject "JCBinaryHeap" */ = {
			isa = XCConfigurationList;
			buildConfigurations = (
				49E57FC41A4D8CAE0028EE7E /* Debug */,
				49E57FC51A4D8CAE0028EE7E /* Release */,
			);
			defaultConfigurationIsVisible = 0;
			defaultConfigurationName = Release;
		};
		49E57FC61A4D8CAE0028EE7E /* Build configuration list for PBXNativeTarget "Library" */ = {
			isa = XCConfigurationList;
			buildConfigurations = (
				49E57FC71A4D8CAE0028EE7E /* Debug */,
				49E57FC81A4D8CAE0028EE7E /* Release */,
			);
			defaultConfigurationIsVisible = 0;
			defaultConfigurationName = Release;
		};
		49E57FC91A4D8CAE0028EE7E /* Build configuration list for PBXNativeTarget "Specs" */ = {
			isa = XCConfigurationList;
			buildConfigurations = (
				49E57FCA1A4D8CAE0028EE7E /* Debug */,
				49E57FCB1A4D8CAE0028EE7E /* Release */,
			);
			defaultConfigurationIsVisible = 0;
			defaultConfigurationName = Release;
		};
/* End XCConfigurationList section */
	};
	rootObject = 49E57FAA1A4D8CAE0028EE7E /* Project object */;
}
